
Microsoft Visual Studio Solution File, Format Version 12.00
# Visual Studio Version 16
VisualStudioVersion = 17.0.31611.283
MinimumVisualStudioVersion = 10.0.40219.1
Project("{9A19103F-16F7-4668-BE54-9A1E7A4F7556}") = "ButtonWithGradientAndShadow", "ButtonWithGradientAndShadow\ButtonWithGradientAndShadow.csproj", "{8A2C371A-D0D7-492A-94AA-63C115BC0C91}"
EndProject
Project("{FAE04EC0-301F-11D3-BF4B-00C04F79EFBC}") = "williambuchanan2Android", "williambuchanan2Android\williambuchanan2Android.csproj", "{625C2CCE-BD88-4284-87A5-EFAF0DFA838C}"
EndProject
Project("{FAE04EC0-301F-11D3-BF4B-00C04F79EFBC}") = "LocalizationInRelease", "LocalizationInRelease\LocalizationInRelease.csproj", "{1D0527EA-0376-4FC7-8D55-9EE324794DF6}"
EndProject
Project("{FAE04EC0-301F-11D3-BF4B-00C04F79EFBC}") = "GraphicsViewInScrollView", "GraphicsViewInScrollView\GraphicsViewInScrollView.csproj", "{224B4FDF-739D-41A4-8650-0D1B8C37BEAC}"
EndProject
Project("{FAE04EC0-301F-11D3-BF4B-00C04F79EFBC}") = "ScrollViewOrientationNeither", "ScrollViewOrientationNeither\ScrollViewOrientationNeither.csproj", "{A3B976C8-F317-40F4-89D9-D0304335C5FE}"
EndProject
Project("{FAE04EC0-301F-11D3-BF4B-00C04F79EFBC}") = "MeasureStringWrongBounds", "MeasureStringWrongBounds\MeasureStringWrongBounds.csproj", "{B60692AC-B193-431B-A1A4-7FC4A10BB66A}"
EndProject
Project("{FAE04EC0-301F-11D3-BF4B-00C04F79EFBC}") = "RadioButtonText", "RadioButtonText\RadioButtonText.csproj", "{29F79750-ECA1-4200-B5D8-C38E5FC7AE49}"
EndProject
Global
	GlobalSection(SolutionConfigurationPlatforms) = preSolution
		Debug|Any CPU = Debug|Any CPU
		Release|Any CPU = Release|Any CPU
	EndGlobalSection
	GlobalSection(ProjectConfigurationPlatforms) = postSolution
		{8A2C371A-D0D7-492A-94AA-63C115BC0C91}.Debug|Any CPU.ActiveCfg = Debug|Any CPU
		{8A2C371A-D0D7-492A-94AA-63C115BC0C91}.Debug|Any CPU.Build.0 = Debug|Any CPU
		{8A2C371A-D0D7-492A-94AA-63C115BC0C91}.Debug|Any CPU.Deploy.0 = Debug|Any CPU
		{8A2C371A-D0D7-492A-94AA-63C115BC0C91}.Release|Any CPU.ActiveCfg = Release|Any CPU
		{8A2C371A-D0D7-492A-94AA-63C115BC0C91}.Release|Any CPU.Build.0 = Release|Any CPU
		{8A2C371A-D0D7-492A-94AA-63C115BC0C91}.Release|Any CPU.Deploy.0 = Release|Any CPU
		{625C2CCE-BD88-4284-87A5-EFAF0DFA838C}.Debug|Any CPU.ActiveCfg = Debug|Any CPU
		{625C2CCE-BD88-4284-87A5-EFAF0DFA838C}.Debug|Any CPU.Build.0 = Debug|Any CPU
		{625C2CCE-BD88-4284-87A5-EFAF0DFA838C}.Release|Any CPU.ActiveCfg = Release|Any CPU
		{625C2CCE-BD88-4284-87A5-EFAF0DFA838C}.Release|Any CPU.Build.0 = Release|Any CPU
		{1D0527EA-0376-4FC7-8D55-9EE324794DF6}.Debug|Any CPU.ActiveCfg = Debug|Any CPU
		{1D0527EA-0376-4FC7-8D55-9EE324794DF6}.Debug|Any CPU.Build.0 = Debug|Any CPU
		{1D0527EA-0376-4FC7-8D55-9EE324794DF6}.Release|Any CPU.ActiveCfg = Release|Any CPU
		{1D0527EA-0376-4FC7-8D55-9EE324794DF6}.Release|Any CPU.Build.0 = Release|Any CPU
		{224B4FDF-739D-41A4-8650-0D1B8C37BEAC}.Debug|Any CPU.ActiveCfg = Debug|Any CPU
		{224B4FDF-739D-41A4-8650-0D1B8C37BEAC}.Debug|Any CPU.Build.0 = Debug|Any CPU
		{224B4FDF-739D-41A4-8650-0D1B8C37BEAC}.Release|Any CPU.ActiveCfg = Release|Any CPU
		{224B4FDF-739D-41A4-8650-0D1B8C37BEAC}.Release|Any CPU.Build.0 = Release|Any CPU
		{A3B976C8-F317-40F4-89D9-D0304335C5FE}.Debug|Any CPU.ActiveCfg = Debug|Any CPU
		{A3B976C8-F317-40F4-89D9-D0304335C5FE}.Debug|Any CPU.Build.0 = Debug|Any CPU
		{A3B976C8-F317-40F4-89D9-D0304335C5FE}.Release|Any CPU.ActiveCfg = Release|Any CPU
		{A3B976C8-F317-40F4-89D9-D0304335C5FE}.Release|Any CPU.Build.0 = Release|Any CPU
		{B60692AC-B193-431B-A1A4-7FC4A10BB66A}.Debug|Any CPU.ActiveCfg = Debug|Any CPU
		{B60692AC-B193-431B-A1A4-7FC4A10BB66A}.Debug|Any CPU.Build.0 = Debug|Any CPU
		{B60692AC-B193-431B-A1A4-7FC4A10BB66A}.Release|Any CPU.ActiveCfg = Release|Any CPU
		{B60692AC-B193-431B-A1A4-7FC4A10BB66A}.Release|Any CPU.Build.0 = Release|Any CPU
		{29F79750-ECA1-4200-B5D8-C38E5FC7AE49}.Debug|Any CPU.ActiveCfg = Debug|Any CPU
		{29F79750-ECA1-4200-B5D8-C38E5FC7AE49}.Debug|Any CPU.Build.0 = Debug|Any CPU
		{29F79750-ECA1-4200-B5D8-C38E5FC7AE49}.Release|Any CPU.ActiveCfg = Release|Any CPU
		{29F79750-ECA1-4200-B5D8-C38E5FC7AE49}.Release|Any CPU.Build.0 = Release|Any CPU
	EndGlobalSection
	GlobalSection(SolutionProperties) = preSolution
		HideSolutionNode = FALSE
	EndGlobalSection
	GlobalSection(ExtensibilityGlobals) = postSolution
		SolutionGuid = {61F7FB11-1E47-470C-91E2-47F8143E1572}
	EndGlobalSection
EndGlobal
